{
  "name": "dev_shop_korki",
  "version": "1.0.0",
  "lockfileVersion": 1,
  "requires": true,
  "dependencies": {
    "debucsser": {
      "version": "1.0.4",
      "resolved": "https://registry.npmjs.org/debucsser/-/debucsser-1.0.4.tgz",
      "integrity": "sha512-xZzqE6SueOzotgYBLcCGZH1u3b0x29xj/PE86LKqv1ML0FAbdW2ScVPPYuzV1Gm/z3jWI8/YPdNOUTHSAyonHg==",
      "dev": true
    }
  }
}
